
Microsoft Visual Studio Solution File, Format Version 12.00
# Visual Studio Version 17
VisualStudioVersion = 17.11.35431.28
MinimumVisualStudioVersion = 10.0.40219.1
Project("{FAE04EC0-301F-11D3-BF4B-00C04F79EFBC}") = "EczaneOtomasyonu", "EczaneOtomasyonu.csproj", "{F80D3985-7E30-4788-B212-6D977CF651D7}"
EndProject
Global
	GlobalSection(SolutionConfigurationPlatforms) = preSolution
		Debug|Any CPU = Debug|Any CPU
		Release|Any CPU = Release|Any CPU
	EndGlobalSection
	GlobalSection(ProjectConfigurationPlatforms) = postSolution
		{F80D3985-7E30-4788-B212-6D977CF651D7}.Debug|Any CPU.ActiveCfg = Debug|Any CPU
		{F80D3985-7E30-4788-B212-6D977CF651D7}.Debug|Any CPU.Build.0 = Debug|Any CPU
		{F80D3985-7E30-4788-B212-6D977CF651D7}.Release|Any CPU.ActiveCfg = Release|Any CPU
		{F80D3985-7E30-4788-B212-6D977CF651D7}.Release|Any CPU.Build.0 = Release|Any CPU
	EndGlobalSection
	GlobalSection(SolutionProperties) = preSolution
		HideSolutionNode = FALSE
	EndGlobalSection
	GlobalSection(ExtensibilityGlobals) = postSolution
		SolutionGuid = {94754D49-EDEC-4481-9C1E-2AE2D5D1592C}
	EndGlobalSection
EndGlobal
